
Microsoft Visual Studio Solution File, Format Version 12.00
# Visual Studio Version 17
VisualStudioVersion = 17.3.32929.385
MinimumVisualStudioVersion = 10.0.40219.1
Project("{FAE04EC0-301F-11D3-BF4B-00C04F79EFBC}") = "ClasesLib", "ClasesLib\ClasesLib.csproj", "{8D1388E2-ADB2-43B1-8F80-61B4A36A9FA1}"
EndProject
Project("{FAE04EC0-301F-11D3-BF4B-00C04F79EFBC}") = "Comun", "Comun\Comun.csproj", "{F415B28F-903C-48BE-87E3-1FDCB9925A8E}"
EndProject
Project("{FAE04EC0-301F-11D3-BF4B-00C04F79EFBC}") = "Datos", "Datos\Datos.csproj", "{0CF4DCB7-77AE-4638-B7B1-31E0A5443AD3}"
EndProject
Project("{FAE04EC0-301F-11D3-BF4B-00C04F79EFBC}") = "DatosTests", "DatosTests\DatosTests.csproj", "{DC31B198-54D9-4F8C-9DC3-D3261BFF3F8F}"
EndProject
Project("{FAE04EC0-301F-11D3-BF4B-00C04F79EFBC}") = "ClasesLibTests", "ClasesLibTests\ClasesLibTests.csproj", "{C7FAC0A5-63D2-4574-A8C1-5021E5AD42D7}"
EndProject
Project("{FAE04EC0-301F-11D3-BF4B-00C04F79EFBC}") = "ComunTests", "ComunTests\ComunTests.csproj", "{A6F84893-CBE7-4A77-85E4-101CBB955BFC}"
EndProject
Project("{FAE04EC0-301F-11D3-BF4B-00C04F79EFBC}") = "www", "www\www.csproj", "{30E575D6-3B45-4584-AE5A-DD52C3170A46}"
EndProject
Project("{FAE04EC0-301F-11D3-BF4B-00C04F79EFBC}") = "wwwTests", "wwwTests\wwwTests.csproj", "{1CF9E358-04AD-4B6B-9972-0C5E375E1975}"
EndProject
Global
	GlobalSection(SolutionConfigurationPlatforms) = preSolution
		Debug|Any CPU = Debug|Any CPU
		Release|Any CPU = Release|Any CPU
	EndGlobalSection
	GlobalSection(ProjectConfigurationPlatforms) = postSolution
		{8D1388E2-ADB2-43B1-8F80-61B4A36A9FA1}.Debug|Any CPU.ActiveCfg = Debug|Any CPU
		{8D1388E2-ADB2-43B1-8F80-61B4A36A9FA1}.Debug|Any CPU.Build.0 = Debug|Any CPU
		{8D1388E2-ADB2-43B1-8F80-61B4A36A9FA1}.Release|Any CPU.ActiveCfg = Release|Any CPU
		{8D1388E2-ADB2-43B1-8F80-61B4A36A9FA1}.Release|Any CPU.Build.0 = Release|Any CPU
		{F415B28F-903C-48BE-87E3-1FDCB9925A8E}.Debug|Any CPU.ActiveCfg = Debug|Any CPU
		{F415B28F-903C-48BE-87E3-1FDCB9925A8E}.Debug|Any CPU.Build.0 = Debug|Any CPU
		{F415B28F-903C-48BE-87E3-1FDCB9925A8E}.Release|Any CPU.ActiveCfg = Release|Any CPU
		{F415B28F-903C-48BE-87E3-1FDCB9925A8E}.Release|Any CPU.Build.0 = Release|Any CPU
		{0CF4DCB7-77AE-4638-B7B1-31E0A5443AD3}.Debug|Any CPU.ActiveCfg = Debug|Any CPU
		{0CF4DCB7-77AE-4638-B7B1-31E0A5443AD3}.Debug|Any CPU.Build.0 = Debug|Any CPU
		{0CF4DCB7-77AE-4638-B7B1-31E0A5443AD3}.Release|Any CPU.ActiveCfg = Release|Any CPU
		{0CF4DCB7-77AE-4638-B7B1-31E0A5443AD3}.Release|Any CPU.Build.0 = Release|Any CPU
		{DC31B198-54D9-4F8C-9DC3-D3261BFF3F8F}.Debug|Any CPU.ActiveCfg = Debug|Any CPU
		{DC31B198-54D9-4F8C-9DC3-D3261BFF3F8F}.Debug|Any CPU.Build.0 = Debug|Any CPU
		{DC31B198-54D9-4F8C-9DC3-D3261BFF3F8F}.Release|Any CPU.ActiveCfg = Release|Any CPU
		{DC31B198-54D9-4F8C-9DC3-D3261BFF3F8F}.Release|Any CPU.Build.0 = Release|Any CPU
		{C7FAC0A5-63D2-4574-A8C1-5021E5AD42D7}.Debug|Any CPU.ActiveCfg = Debug|Any CPU
		{C7FAC0A5-63D2-4574-A8C1-5021E5AD42D7}.Debug|Any CPU.Build.0 = Debug|Any CPU
		{C7FAC0A5-63D2-4574-A8C1-5021E5AD42D7}.Release|Any CPU.ActiveCfg = Release|Any CPU
		{C7FAC0A5-63D2-4574-A8C1-5021E5AD42D7}.Release|Any CPU.Build.0 = Release|Any CPU
		{A6F84893-CBE7-4A77-85E4-101CBB955BFC}.Debug|Any CPU.ActiveCfg = Debug|Any CPU
		{A6F84893-CBE7-4A77-85E4-101CBB955BFC}.Debug|Any CPU.Build.0 = Debug|Any CPU
		{A6F84893-CBE7-4A77-85E4-101CBB955BFC}.Release|Any CPU.ActiveCfg = Release|Any CPU
		{A6F84893-CBE7-4A77-85E4-101CBB955BFC}.Release|Any CPU.Build.0 = Release|Any CPU
		{30E575D6-3B45-4584-AE5A-DD52C3170A46}.Debug|Any CPU.ActiveCfg = Debug|Any CPU
		{30E575D6-3B45-4584-AE5A-DD52C3170A46}.Debug|Any CPU.Build.0 = Debug|Any CPU
		{30E575D6-3B45-4584-AE5A-DD52C3170A46}.Release|Any CPU.ActiveCfg = Release|Any CPU
		{30E575D6-3B45-4584-AE5A-DD52C3170A46}.Release|Any CPU.Build.0 = Release|Any CPU
		{1CF9E358-04AD-4B6B-9972-0C5E375E1975}.Debug|Any CPU.ActiveCfg = Debug|Any CPU
		{1CF9E358-04AD-4B6B-9972-0C5E375E1975}.Debug|Any CPU.Build.0 = Debug|Any CPU
		{1CF9E358-04AD-4B6B-9972-0C5E375E1975}.Release|Any CPU.ActiveCfg = Release|Any CPU
		{1CF9E358-04AD-4B6B-9972-0C5E375E1975}.Release|Any CPU.Build.0 = Release|Any CPU
	EndGlobalSection
	GlobalSection(SolutionProperties) = preSolution
		HideSolutionNode = FALSE
	EndGlobalSection
	GlobalSection(ExtensibilityGlobals) = postSolution
		SolutionGuid = {34A946FF-30E0-4688-B78B-557D6E2CE129}
	EndGlobalSection
EndGlobal
